{
  "name": "rescat.js",
  "version": "0.0.1",
  "lockfileVersion": 1,
  "requires": true,
  "dependencies": {
    "asyncommun": {
      "version": "git+https://github.com/ellementul/AsynCommun.git#ce0e8bb387af80dc29c164e14841a60185f6203e",
      "from": "git+https://github.com/ellementul/AsynCommun.git"
    },
    "typesjs": {
      "version": "git+https://github.com/ellementul/typesjs.git#ae319441a6583e3f17ea1bb9b909aa15d83f1866",
      "from": "git+https://github.com/ellementul/typesjs.git"
    }
  }
}
