{
  "name": "rescat.js",
  "version": "1.0.5",
  "lockfileVersion": 1,
  "requires": true,
  "dependencies": {
    "asynccommtest": {
      "version": "git+https://github.com/ellementul/AsyncCommTest.git#3563df59d29828413b6edea07530364aea272770",
      "from": "git+https://github.com/ellementul/AsyncCommTest.git",
      "dev": true,
      "requires": {
        "asyncommun": "git+https://github.com/ellementul/AsyncCommun.git"
      },
      "dependencies": {
        "asyncommun": {
          "version": "git+https://github.com/ellementul/AsyncCommun.git#8f569c48a672ede7f64d39fd203f7515ef784d78",
          "from": "git+https://github.com/ellementul/AsyncCommun.git",
          "dev": true
        }
      }
    },
    "asyncommun": {
      "version": "git+https://github.com/ellementul/AsyncCommun.git#8f569c48a672ede7f64d39fd203f7515ef784d78",
      "from": "git+https://github.com/ellementul/AsyncCommun.git"
    },
    "typesjs": {
      "version": "git+https://github.com/ellementul/typesjs.git#645d8c063ab5e510fc932863655a0ba142bf686e",
      "from": "git+https://github.com/ellementul/typesjs.git"
    },
    "uuid": {
      "version": "3.3.3",
      "resolved": "https://registry.npmjs.org/uuid/-/uuid-3.3.3.tgz",
      "integrity": "sha512-pW0No1RGHgzlpHJO1nsVrHKpOEIxkGg1xB+v0ZmdNH5OAeAwzAVrCnI2/6Mtx+Uys6iaylxa+D3g4j63IKKjSQ=="
    }
  }
}
